lockfileVersion: 5.3

specifiers:
  '@poser/cli': workspace:./packages/cli
  pnpm: ^6.2.1

dependencies:
  '@poser/cli': link:packages/cli
  pnpm: 6.2.1

packages:

  /pnpm/6.2.1:
    resolution: {integrity: sha512-aSrlGL3703pXhMaxFpFLAFakvpla0PaGN2/zOh5oG2qbvJ+jKuGkpHPhpLyAnhs/z+Je3wBaYA7vETu1f1xwqQ==}
    engines: {node: '>=12.17'}
    hasBin: true
    dev: false
