lockfileVersion: 5.3

specifiers:
  esbuild: ^0.11.14
  pnpm: ^6.2.1
  rollup: ^2.45.2
  typescript: ^4.2.4

dependencies:
  esbuild: 0.11.14
  pnpm: 6.2.1
  rollup: 2.45.2
  typescript: 4.2.4

packages:

  /esbuild/0.11.14:
    resolution: {integrity: sha512-ejheEPkqhq5y0LM9rG9e+3yDihPtqeeE4NZmG7VQiSGJ3CjO4HvPOHmhhttSksfSztjLAGo2+0/zSIvlqj4JOQ==}
    hasBin: true
    requiresBuild: true
    dev: false

  /fsevents/2.3.2:
    resolution: {integrity: sha512-xiqMQR4xAeHTuB9uWm+fFRcIOgKBMiOBP+eXiyT7jsgVCq1bkVygt00oASowB7EdtpOHaaPgKt812P9ab+DDKA==}
    engines: {node: ^8.16.0 || ^10.6.0 || >=11.0.0}
    os: [darwin]
    dev: false
    optional: true

  /pnpm/6.2.1:
    resolution: {integrity: sha512-aSrlGL3703pXhMaxFpFLAFakvpla0PaGN2/zOh5oG2qbvJ+jKuGkpHPhpLyAnhs/z+Je3wBaYA7vETu1f1xwqQ==}
    engines: {node: '>=12.17'}
    hasBin: true
    dev: false

  /rollup/2.45.2:
    resolution: {integrity: sha512-kRRU7wXzFHUzBIv0GfoFFIN3m9oteY4uAsKllIpQDId5cfnkWF2J130l+27dzDju0E6MScKiV0ZM5Bw8m4blYQ==}
    engines: {node: '>=10.0.0'}
    hasBin: true
    optionalDependencies:
      fsevents: 2.3.2
    dev: false

  /typescript/4.2.4:
    resolution: {integrity: sha512-V+evlYHZnQkaz8TRBuxTA92yZBPotr5H+WhQ7bD3hZUndx5tGOa1fuCgeSjxAzM1RiN5IzvadIXTVefuuwZCRg==}
    engines: {node: '>=4.2.0'}
    hasBin: true
    dev: false
