lockfileVersion: 5.3

specifiers:
  esbuild: ^0.11.13
  socket.io-client: ^4.0.1
  svelte: ^3.37.0
  ts-node: ^9.1.1
  typescript: ^4.2.4

dependencies:
  esbuild: 0.11.15
  socket.io-client: 4.0.1
  svelte: 3.37.0
  ts-node: 9.1.1_typescript@4.2.4
  typescript: 4.2.4

packages:

  /@types/component-emitter/1.2.10:
    resolution: {integrity: sha512-bsjleuRKWmGqajMerkzox19aGbscQX5rmmvvXl3wlIp5gMG1HgkiwPxsN5p070fBDKTNSPgojVbuY1+HWMbFhg==}
    dev: false

  /arg/4.1.3:
    resolution: {integrity: sha512-58S9QDqG0Xx27YwPSt9fJxivjYl432YCwfDMfZ+71RAqUrZef7LrKQZ3LHLOwCS4FLNBplP533Zx895SeOCHvA==}
    dev: false

  /backo2/1.0.2:
    resolution: {integrity: sha1-MasayLEpNjRj41s+u2n038+6eUc=}
    dev: false

  /base64-arraybuffer/0.1.4:
    resolution: {integrity: sha1-mBjHngWbE1X5fgQooBfIOOkLqBI=}
    engines: {node: '>= 0.6.0'}
    dev: false

  /buffer-from/1.1.1:
    resolution: {integrity: sha512-MQcXEUbCKtEo7bhqEs6560Hyd4XaovZlO/k9V3hjVUF/zwW7KBVdSK4gIt/bzwS9MbR5qob+F5jusZsb0YQK2A==}
    dev: false

  /component-emitter/1.3.0:
    resolution: {integrity: sha512-Rd3se6QB+sO1TwqZjscQrurpEPIfO0/yYnSin6Q/rD3mOutHvUrCAhJub3r90uNb+SESBuE0QYoB90YdfatsRg==}
    dev: false

  /create-require/1.1.1:
    resolution: {integrity: sha512-dcKFX3jn0MpIaXjisoRvexIJVEKzaq7z2rZKxf+MSr9TkdmHmsU4m2lcLojrj/FHl8mk5VxMmYA+ftRkP/3oKQ==}
    dev: false

  /debug/4.3.1:
    resolution: {integrity: sha512-doEwdvm4PCeK4K3RQN2ZC2BYUBaxwLARCqZmMjtF8a51J2Rb0xpVloFRnCODwqjpwnAoao4pelN8l3RJdv3gRQ==}
    engines: {node: '>=6.0'}
    peerDependencies:
      supports-color: '*'
    peerDependenciesMeta:
      supports-color:
        optional: true
    dependencies:
      ms: 2.1.2
    dev: false

  /diff/4.0.2:
    resolution: {integrity: sha512-58lmxKSA4BNyLz+HHMUzlOEpg09FV+ev6ZMe3vJihgdxzgcwZ8VoEEPmALCZG9LmqfVoNMMKpttIYTVG6uDY7A==}
    engines: {node: '>=0.3.1'}
    dev: false

  /engine.io-client/5.0.1:
    resolution: {integrity: sha512-CQtGN3YwfvbxVwpPugcsHe5rHT4KgT49CEcQppNtu9N7WxbPN0MAG27lGaem7bvtCFtGNLSL+GEqXsFSz36jTg==}
    dependencies:
      base64-arraybuffer: 0.1.4
      component-emitter: 1.3.0
      debug: 4.3.1
      engine.io-parser: 4.0.2
      has-cors: 1.1.0
      parseqs: 0.0.6
      parseuri: 0.0.6
      ws: 7.4.5
      yeast: 0.1.2
    transitivePeerDependencies:
      - bufferutil
      - supports-color
      - utf-8-validate
    dev: false

  /engine.io-parser/4.0.2:
    resolution: {integrity: sha512-sHfEQv6nmtJrq6TKuIz5kyEKH/qSdK56H/A+7DnAuUPWosnIZAS2NHNcPLmyjtY3cGS/MqJdZbUjW97JU72iYg==}
    engines: {node: '>=8.0.0'}
    dependencies:
      base64-arraybuffer: 0.1.4
    dev: false

  /esbuild/0.11.15:
    resolution: {integrity: sha512-Hh40byWZZgYbiLhcoOWiOUIy8yUYQeCEA4F9feWytToD2jGfJ1X4VPf5dsqj6vRL29H3YmFqZsxIJa5q0ifB3g==}
    hasBin: true
    requiresBuild: true
    dev: false

  /has-cors/1.1.0:
    resolution: {integrity: sha1-XkdHk/fqmEPRu5nCPu9J/xJv/zk=}
    dev: false

  /make-error/1.3.6:
    resolution: {integrity: sha512-s8UhlNe7vPKomQhC1qFelMokr/Sc3AgNbso3n74mVPA5LTZwkB9NlXf4XPamLxJE8h0gh73rM94xvwRT2CVInw==}
    dev: false

  /ms/2.1.2:
    resolution: {integrity: sha512-sGkPx+VjMtmA6MX27oA4FBFELFCZZ4S4XqeGOXCv68tT+jb3vk/RyaKWP0PTKyWtmLSM0b+adUTEvbs1PEaH2w==}
    dev: false

  /parseqs/0.0.6:
    resolution: {integrity: sha512-jeAGzMDbfSHHA091hr0r31eYfTig+29g3GKKE/PPbEQ65X0lmMwlEoqmhzu0iztID5uJpZsFlUPDP8ThPL7M8w==}
    dev: false

  /parseuri/0.0.6:
    resolution: {integrity: sha512-AUjen8sAkGgao7UyCX6Ahv0gIK2fABKmYjvP4xmy5JaKvcbTRueIqIPHLAfq30xJddqSE033IOMUSOMCcK3Sow==}
    dev: false

  /socket.io-client/4.0.1:
    resolution: {integrity: sha512-6AkaEG5zrVuSVW294cH1chioag9i1OqnCYjKwTc3EBGXbnyb98Lw7yMa40ifLjFj3y6fsFKsd0llbUZUCRf3Qw==}
    engines: {node: '>=10.0.0'}
    dependencies:
      '@types/component-emitter': 1.2.10
      backo2: 1.0.2
      component-emitter: 1.3.0
      debug: 4.3.1
      engine.io-client: 5.0.1
      parseuri: 0.0.6
      socket.io-parser: 4.0.4
    transitivePeerDependencies:
      - bufferutil
      - supports-color
      - utf-8-validate
    dev: false

  /socket.io-parser/4.0.4:
    resolution: {integrity: sha512-t+b0SS+IxG7Rxzda2EVvyBZbvFPBCjJoyHuE0P//7OAsN23GItzDRdWa6ALxZI/8R5ygK7jAR6t028/z+7295g==}
    engines: {node: '>=10.0.0'}
    dependencies:
      '@types/component-emitter': 1.2.10
      component-emitter: 1.3.0
      debug: 4.3.1
    transitivePeerDependencies:
      - supports-color
    dev: false

  /source-map-support/0.5.19:
    resolution: {integrity: sha512-Wonm7zOCIJzBGQdB+thsPar0kYuCIzYvxZwlBa87yi/Mdjv7Tip2cyVbLj5o0cFPN4EVkuTwb3GDDyUx2DGnGw==}
    dependencies:
      buffer-from: 1.1.1
      source-map: 0.6.1
    dev: false

  /source-map/0.6.1:
    resolution: {integrity: sha512-UjgapumWlbMhkBgzT7Ykc5YXUT46F0iKu8SGXq0bcwP5dz/h0Plj6enJqjz1Zbq2l5WaqYnrVbwWOWMyF3F47g==}
    engines: {node: '>=0.10.0'}
    dev: false

  /svelte/3.37.0:
    resolution: {integrity: sha512-TRF30F4W4+d+Jr2KzUUL1j8Mrpns/WM/WacxYlo5MMb2E5Qy2Pk1Guj6GylxsW9OnKQl1tnF8q3hG/hQ3h6VUA==}
    engines: {node: '>= 8'}
    dev: false

  /ts-node/9.1.1_typescript@4.2.4:
    resolution: {integrity: sha512-hPlt7ZACERQGf03M253ytLY3dHbGNGrAq9qIHWUY9XHYl1z7wYngSr3OQ5xmui8o2AaxsONxIzjafLUiWBo1Fg==}
    engines: {node: '>=10.0.0'}
    hasBin: true
    peerDependencies:
      typescript: '>=2.7'
    dependencies:
      arg: 4.1.3
      create-require: 1.1.1
      diff: 4.0.2
      make-error: 1.3.6
      source-map-support: 0.5.19
      typescript: 4.2.4
      yn: 3.1.1
    dev: false

  /typescript/4.2.4:
    resolution: {integrity: sha512-V+evlYHZnQkaz8TRBuxTA92yZBPotr5H+WhQ7bD3hZUndx5tGOa1fuCgeSjxAzM1RiN5IzvadIXTVefuuwZCRg==}
    engines: {node: '>=4.2.0'}
    hasBin: true
    dev: false

  /ws/7.4.5:
    resolution: {integrity: sha512-xzyu3hFvomRfXKH8vOFMU3OguG6oOvhXMo3xsGy3xWExqaM2dxBbVxuD99O7m3ZUFMvvscsZDqxfgMaRr/Nr1g==}
    engines: {node: '>=8.3.0'}
    peerDependencies:
      bufferutil: ^4.0.1
      utf-8-validate: ^5.0.2
    peerDependenciesMeta:
      bufferutil:
        optional: true
      utf-8-validate:
        optional: true
    dev: false

  /yeast/0.1.2:
    resolution: {integrity: sha1-AI4G2AlDIMNy28L47XagymyKxBk=}
    dev: false

  /yn/3.1.1:
    resolution: {integrity: sha512-Ux4ygGWsu2c7isFWe8Yu1YluJmqVhxqK2cLXNQA5AcC3QfbGNpM7fu0Y8b/z16pXLnFxZYvWhd3fhBY9DLmC6Q==}
    engines: {node: '>=6'}
    dev: false
